
Microsoft Visual Studio Solution File, Format Version 12.00
# Visual Studio Version 16
VisualStudioVersion = 16.0.29418.71
MinimumVisualStudioVersion = 10.0.40219.1
Project("{9A19103F-16F7-4668-BE54-9A1E7A4F7556}") = "BugtrackerWebAPI", "BugtrackerWebAPI\BugtrackerWebAPI.csproj", "{31DC6EBE-FE8D-4C61-91FE-96EFE4276C49}"
EndProject
Project("{9A19103F-16F7-4668-BE54-9A1E7A4F7556}") = "Bugtracker.DataAccessLayer", "Bugtracker.DataAccessLayer\Bugtracker.DataAccessLayer.csproj", "{AAE6EDC5-1395-4512-815F-B787758E9106}"
EndProject
Project("{FAE04EC0-301F-11D3-BF4B-00C04F79EFBC}") = "Bugtracker.AuthenticationServer", "Bugtracker.AuthenticationServer\Bugtracker.AuthenticationServer.csproj", "{E9D98156-928A-4E6B-8226-E7882BE3ED49}"
EndProject
Global
	GlobalSection(SolutionConfigurationPlatforms) = preSolution
		Debug|Any CPU = Debug|Any CPU
		Release|Any CPU = Release|Any CPU
	EndGlobalSection
	GlobalSection(ProjectConfigurationPlatforms) = postSolution
		{31DC6EBE-FE8D-4C61-91FE-96EFE4276C49}.Debug|Any CPU.ActiveCfg = Debug|Any CPU
		{31DC6EBE-FE8D-4C61-91FE-96EFE4276C49}.Debug|Any CPU.Build.0 = Debug|Any CPU
		{31DC6EBE-FE8D-4C61-91FE-96EFE4276C49}.Release|Any CPU.ActiveCfg = Release|Any CPU
		{31DC6EBE-FE8D-4C61-91FE-96EFE4276C49}.Release|Any CPU.Build.0 = Release|Any CPU
		{AAE6EDC5-1395-4512-815F-B787758E9106}.Debug|Any CPU.ActiveCfg = Debug|Any CPU
		{AAE6EDC5-1395-4512-815F-B787758E9106}.Debug|Any CPU.Build.0 = Debug|Any CPU
		{AAE6EDC5-1395-4512-815F-B787758E9106}.Release|Any CPU.ActiveCfg = Release|Any CPU
		{AAE6EDC5-1395-4512-815F-B787758E9106}.Release|Any CPU.Build.0 = Release|Any CPU
		{E9D98156-928A-4E6B-8226-E7882BE3ED49}.Debug|Any CPU.ActiveCfg = Debug|Any CPU
		{E9D98156-928A-4E6B-8226-E7882BE3ED49}.Debug|Any CPU.Build.0 = Debug|Any CPU
		{E9D98156-928A-4E6B-8226-E7882BE3ED49}.Release|Any CPU.ActiveCfg = Release|Any CPU
		{E9D98156-928A-4E6B-8226-E7882BE3ED49}.Release|Any CPU.Build.0 = Release|Any CPU
	EndGlobalSection
	GlobalSection(SolutionProperties) = preSolution
		HideSolutionNode = FALSE
	EndGlobalSection
	GlobalSection(ExtensibilityGlobals) = postSolution
		SolutionGuid = {E99C326B-5C56-408A-BC68-699416F71B23}
	EndGlobalSection
EndGlobal
